{
  "pins" : [
    {
      "identity" : "swiftui-introspect",
      "kind" : "remoteSourceControl",
      "location" : "https://github.com/siteline/SwiftUI-Introspect",
      "state" : {
        "revision" : "3ba734dd20faada0e3234b68e78db97005315f0e",
        "version" : "1.0.0"
      }
    }
  ],
  "version" : 2
}
