// !$*UTF8*$!
{
	archiveVersion = 1;
	classes = {
	};
	objectVersion = 51;
	objects = {

/* Begin PBXBuildFile section */
		0C6539522730E30700B49BF9 /* Color+hex.swift in Sources */ = {isa = PBXBuildFile; fileRef = 0C6539512730E30700B49BF9 /* Color+hex.swift */; };
		0CC48E4D272FCE6900B57D1D /* ProfileScreen.swift in Sources */ = {isa = PBXBuildFile; fileRef = 0CC48E4C272FCE6900B57D1D /* ProfileScreen.swift */; };
		0CC48E51272FD09800B57D1D /* ProfileScreenViewModel.swift in Sources */ = {isa = PBXBuildFile; fileRef = 0CC48E50272FD09800B57D1D /* ProfileScreenViewModel.swift */; };
		0CC48E5B2730349600B57D1D /* circe-extrabold.ttf in Resources */ = {isa = PBXBuildFile; fileRef = 0CC48E552730349600B57D1D /* circe-extrabold.ttf */; };
		0CC48E5C2730349600B57D1D /* circe-extralight.ttf in Resources */ = {isa = PBXBuildFile; fileRef = 0CC48E562730349600B57D1D /* circe-extralight.ttf */; };
		0CC48E5D2730349600B57D1D /* circe-bold.ttf in Resources */ = {isa = PBXBuildFile; fileRef = 0CC48E572730349600B57D1D /* circe-bold.ttf */; };
		0CC48E5E2730349600B57D1D /* circe-thin.ttf in Resources */ = {isa = PBXBuildFile; fileRef = 0CC48E582730349600B57D1D /* circe-thin.ttf */; };
		0CC48E5F2730349600B57D1D /* circe-light.ttf in Resources */ = {isa = PBXBuildFile; fileRef = 0CC48E592730349600B57D1D /* circe-light.ttf */; };
		0CC48E602730349600B57D1D /* circe.ttf in Resources */ = {isa = PBXBuildFile; fileRef = 0CC48E5A2730349600B57D1D /* circe.ttf */; };
		4C342D1E277D6C2C00D2D779 /* TransactionView.swift in Sources */ = {isa = PBXBuildFile; fileRef = 4C342D1D277D6C2C00D2D779 /* TransactionView.swift */; };
		4C342D23277D7F3500D2D779 /* CardView.swift in Sources */ = {isa = PBXBuildFile; fileRef = 4C342D22277D7F3500D2D779 /* CardView.swift */; };
		4C342D25277D98F200D2D779 /* BankingScreen.swift in Sources */ = {isa = PBXBuildFile; fileRef = 4C342D24277D98F200D2D779 /* BankingScreen.swift */; };
		4C342D27277DA2D700D2D779 /* BankingService.swift in Sources */ = {isa = PBXBuildFile; fileRef = 4C342D26277DA2D700D2D779 /* BankingService.swift */; };
		5B1CDFFF26F354D100C76DB7 /* ExampleApp.swift in Sources */ = {isa = PBXBuildFile; fileRef = 5B1CDFFE26F354D100C76DB7 /* ExampleApp.swift */; };
		5B1CE00126F354D100C76DB7 /* ContentView.swift in Sources */ = {isa = PBXBuildFile; fileRef = 5B1CE00026F354D100C76DB7 /* ContentView.swift */; };
		5B1CE00326F354D500C76DB7 /* Assets.xcassets in Resources */ = {isa = PBXBuildFile; fileRef = 5B1CE00226F354D500C76DB7 /* Assets.xcassets */; };
		5B1CE00626F354D500C76DB7 /* Preview Assets.xcassets in Resources */ = {isa = PBXBuildFile; fileRef = 5B1CE00526F354D500C76DB7 /* Preview Assets.xcassets */; };
		5B4BE8D427F6D538000A7FE7 /* BookingScreenHelper.swift in Sources */ = {isa = PBXBuildFile; fileRef = 5B4BE8D027F6D538000A7FE7 /* BookingScreenHelper.swift */; };
		5B4BE8D527F6D538000A7FE7 /* BookingScreen.swift in Sources */ = {isa = PBXBuildFile; fileRef = 5B4BE8D127F6D538000A7FE7 /* BookingScreen.swift */; };
		5B4BE8D627F6D538000A7FE7 /* BookingScreenViewModel.swift in Sources */ = {isa = PBXBuildFile; fileRef = 5B4BE8D227F6D538000A7FE7 /* BookingScreenViewModel.swift */; };
		5B4BE8D727F6D538000A7FE7 /* BookingModel.swift in Sources */ = {isa = PBXBuildFile; fileRef = 5B4BE8D327F6D538000A7FE7 /* BookingModel.swift */; };
		5B4BE8DA27F6D55C000A7FE7 /* CommonHelpers.swift in Sources */ = {isa = PBXBuildFile; fileRef = 5B4BE8D927F6D55C000A7FE7 /* CommonHelpers.swift */; };
		5BB2A975273CFE610080FA93 /* ProfileHelpers.swift in Sources */ = {isa = PBXBuildFile; fileRef = 5BB2A974273CFE610080FA93 /* ProfileHelpers.swift */; };
		5F2F6D58F38C8F5DCCF90F08 /* Pods_Example.framework in Frameworks */ = {isa = PBXBuildFile; fileRef = 73B6700644445CFDD7A1926E /* Pods_Example.framework */; };
		A7C3BC842702F69C001A46FB /* SimpleScalingHeader.swift in Sources */ = {isa = PBXBuildFile; fileRef = A7C3BC832702F69C001A46FB /* SimpleScalingHeader.swift */; };
		A7C3BC862702F6DF001A46FB /* MockData.swift in Sources */ = {isa = PBXBuildFile; fileRef = A7C3BC852702F6DF001A46FB /* MockData.swift */; };
		A7C3BC882702FAD1001A46FB /* MapScalingHeader.swift in Sources */ = {isa = PBXBuildFile; fileRef = A7C3BC872702FAD1001A46FB /* MapScalingHeader.swift */; };
		A7C3BC8B27030952001A46FB /* ColorScalingHeader.swift in Sources */ = {isa = PBXBuildFile; fileRef = A7C3BC8A27030952001A46FB /* ColorScalingHeader.swift */; };
		A7C3BC8D27048818001A46FB /* RequestScalingHeader.swift in Sources */ = {isa = PBXBuildFile; fileRef = A7C3BC8C27048818001A46FB /* RequestScalingHeader.swift */; };
		A7C3BC8F2705C27D001A46FB /* TabScalingHeader.swift in Sources */ = {isa = PBXBuildFile; fileRef = A7C3BC8E2705C27D001A46FB /* TabScalingHeader.swift */; };
/* End PBXBuildFile section */

/* Begin PBXFileReference section */
		0C6539512730E30700B49BF9 /* Color+hex.swift */ = {isa = PBXFileReference; lastKnownFileType = sourcecode.swift; path = "Color+hex.swift"; sourceTree = "<group>"; };
		0CC48E4C272FCE6900B57D1D /* ProfileScreen.swift */ = {isa = PBXFileReference; lastKnownFileType = sourcecode.swift; path = ProfileScreen.swift; sourceTree = "<group>"; };
		0CC48E50272FD09800B57D1D /* ProfileScreenViewModel.swift */ = {isa = PBXFileReference; lastKnownFileType = sourcecode.swift; path = ProfileScreenViewModel.swift; sourceTree = "<group>"; };
		0CC48E552730349600B57D1D /* circe-extrabold.ttf */ = {isa = PBXFileReference; lastKnownFileType = file; path = "circe-extrabold.ttf"; sourceTree = "<group>"; };
		0CC48E562730349600B57D1D /* circe-extralight.ttf */ = {isa = PBXFileReference; lastKnownFileType = file; path = "circe-extralight.ttf"; sourceTree = "<group>"; };
		0CC48E572730349600B57D1D /* circe-bold.ttf */ = {isa = PBXFileReference; lastKnownFileType = file; path = "circe-bold.ttf"; sourceTree = "<group>"; };
		0CC48E582730349600B57D1D /* circe-thin.ttf */ = {isa = PBXFileReference; lastKnownFileType = file; path = "circe-thin.ttf"; sourceTree = "<group>"; };
		0CC48E592730349600B57D1D /* circe-light.ttf */ = {isa = PBXFileReference; lastKnownFileType = file; path = "circe-light.ttf"; sourceTree = "<group>"; };
		0CC48E5A2730349600B57D1D /* circe.ttf */ = {isa = PBXFileReference; lastKnownFileType = file; path = circe.ttf; sourceTree = "<group>"; };
		1C4359AB0F706ECAE1FA6C55 /* Pods-Example.debug.xcconfig */ = {isa = PBXFileReference; includeInIndex = 1; lastKnownFileType = text.xcconfig; name = "Pods-Example.debug.xcconfig"; path = "Target Support Files/Pods-Example/Pods-Example.debug.xcconfig"; sourceTree = "<group>"; };
		4C342D1D277D6C2C00D2D779 /* TransactionView.swift */ = {isa = PBXFileReference; lastKnownFileType = sourcecode.swift; path = TransactionView.swift; sourceTree = "<group>"; };
		4C342D22277D7F3500D2D779 /* CardView.swift */ = {isa = PBXFileReference; lastKnownFileType = sourcecode.swift; path = CardView.swift; sourceTree = "<group>"; };
		4C342D24277D98F200D2D779 /* BankingScreen.swift */ = {isa = PBXFileReference; lastKnownFileType = sourcecode.swift; path = BankingScreen.swift; sourceTree = "<group>"; };
		4C342D26277DA2D700D2D779 /* BankingService.swift */ = {isa = PBXFileReference; lastKnownFileType = sourcecode.swift; path = BankingService.swift; sourceTree = "<group>"; };
		5B1CDFFB26F354D100C76DB7 /* Example.app */ = {isa = PBXFileReference; explicitFileType = wrapper.application; includeInIndex = 0; path = Example.app; sourceTree = BUILT_PRODUCTS_DIR; };
		5B1CDFFE26F354D100C76DB7 /* ExampleApp.swift */ = {isa = PBXFileReference; lastKnownFileType = sourcecode.swift; path = ExampleApp.swift; sourceTree = "<group>"; usesTabs = 0; };
		5B1CE00026F354D100C76DB7 /* ContentView.swift */ = {isa = PBXFileReference; lastKnownFileType = sourcecode.swift; path = ContentView.swift; sourceTree = "<group>"; usesTabs = 0; };
		5B1CE00226F354D500C76DB7 /* Assets.xcassets */ = {isa = PBXFileReference; lastKnownFileType = folder.assetcatalog; path = Assets.xcassets; sourceTree = "<group>"; };
		5B1CE00526F354D500C76DB7 /* Preview Assets.xcassets */ = {isa = PBXFileReference; lastKnownFileType = folder.assetcatalog; path = "Preview Assets.xcassets"; sourceTree = "<group>"; };
		5B1CE00726F354D500C76DB7 /* Info.plist */ = {isa = PBXFileReference; lastKnownFileType = text.plist.xml; path = Info.plist; sourceTree = "<group>"; };
		5B4BE8D027F6D538000A7FE7 /* BookingScreenHelper.swift */ = {isa = PBXFileReference; fileEncoding = 4; lastKnownFileType = sourcecode.swift; path = BookingScreenHelper.swift; sourceTree = "<group>"; };
		5B4BE8D127F6D538000A7FE7 /* BookingScreen.swift */ = {isa = PBXFileReference; fileEncoding = 4; lastKnownFileType = sourcecode.swift; path = BookingScreen.swift; sourceTree = "<group>"; };
		5B4BE8D227F6D538000A7FE7 /* BookingScreenViewModel.swift */ = {isa = PBXFileReference; fileEncoding = 4; lastKnownFileType = sourcecode.swift; path = BookingScreenViewModel.swift; sourceTree = "<group>"; };
		5B4BE8D327F6D538000A7FE7 /* BookingModel.swift */ = {isa = PBXFileReference; fileEncoding = 4; lastKnownFileType = sourcecode.swift; path = BookingModel.swift; sourceTree = "<group>"; };
		5B4BE8D927F6D55C000A7FE7 /* CommonHelpers.swift */ = {isa = PBXFileReference; fileEncoding = 4; lastKnownFileType = sourcecode.swift; path = CommonHelpers.swift; sourceTree = "<group>"; };
		5BB2A974273CFE610080FA93 /* ProfileHelpers.swift */ = {isa = PBXFileReference; lastKnownFileType = sourcecode.swift; path = ProfileHelpers.swift; sourceTree = "<group>"; };
		73B6700644445CFDD7A1926E /* Pods_Example.framework */ = {isa = PBXFileReference; explicitFileType = wrapper.framework; includeInIndex = 0; path = Pods_Example.framework; sourceTree = BUILT_PRODUCTS_DIR; };
		A7C3BC832702F69C001A46FB /* SimpleScalingHeader.swift */ = {isa = PBXFileReference; lastKnownFileType = sourcecode.swift; path = SimpleScalingHeader.swift; sourceTree = "<group>"; usesTabs = 0; };
		A7C3BC852702F6DF001A46FB /* MockData.swift */ = {isa = PBXFileReference; lastKnownFileType = sourcecode.swift; path = MockData.swift; sourceTree = "<group>"; usesTabs = 0; };
		A7C3BC872702FAD1001A46FB /* MapScalingHeader.swift */ = {isa = PBXFileReference; lastKnownFileType = sourcecode.swift; path = MapScalingHeader.swift; sourceTree = "<group>"; usesTabs = 0; };
		A7C3BC8A27030952001A46FB /* ColorScalingHeader.swift */ = {isa = PBXFileReference; lastKnownFileType = sourcecode.swift; path = ColorScalingHeader.swift; sourceTree = "<group>"; usesTabs = 0; };
		A7C3BC8C27048818001A46FB /* RequestScalingHeader.swift */ = {isa = PBXFileReference; lastKnownFileType = sourcecode.swift; path = RequestScalingHeader.swift; sourceTree = "<group>"; };
		A7C3BC8E2705C27D001A46FB /* TabScalingHeader.swift */ = {isa = PBXFileReference; lastKnownFileType = sourcecode.swift; path = TabScalingHeader.swift; sourceTree = "<group>"; };
		A7D6D41B8D5CB51AF90D2765 /* Pods-Example.release.xcconfig */ = {isa = PBXFileReference; includeInIndex = 1; lastKnownFileType = text.xcconfig; name = "Pods-Example.release.xcconfig"; path = "Target Support Files/Pods-Example/Pods-Example.release.xcconfig"; sourceTree = "<group>"; };
/* End PBXFileReference section */

/* Begin PBXFrameworksBuildPhase section */
		5B1CDFF826F354D100C76DB7 /* Frameworks */ = {
			isa = PBXFrameworksBuildPhase;
			buildActionMask = 2147483647;
			files = (
				5F2F6D58F38C8F5DCCF90F08 /* Pods_Example.framework in Frameworks */,
			);
			runOnlyForDeploymentPostprocessing = 0;
		};
/* End PBXFrameworksBuildPhase section */

/* Begin PBXGroup section */
		0463556C395B9811753B2DB7 /* Pods */ = {
			isa = PBXGroup;
			children = (
				1C4359AB0F706ECAE1FA6C55 /* Pods-Example.debug.xcconfig */,
				A7D6D41B8D5CB51AF90D2765 /* Pods-Example.release.xcconfig */,
			);
			path = Pods;
			sourceTree = "<group>";
		};
		0C6539502730E2E700B49BF9 /* Extensions */ = {
			isa = PBXGroup;
			children = (
				0C6539512730E30700B49BF9 /* Color+hex.swift */,
			);
			path = Extensions;
			sourceTree = "<group>";
		};
		0CC48E4F272FD07600B57D1D /* ProfileScreen */ = {
			isa = PBXGroup;
			children = (
				0CC48E4C272FCE6900B57D1D /* ProfileScreen.swift */,
				5BB2A974273CFE610080FA93 /* ProfileHelpers.swift */,
				0CC48E50272FD09800B57D1D /* ProfileScreenViewModel.swift */,
			);
			path = ProfileScreen;
			sourceTree = "<group>";
		};
		0CC48E532730342D00B57D1D /* Fonts */ = {
			isa = PBXGroup;
			children = (
				0CC48E542730343500B57D1D /* Circle */,
			);
			path = Fonts;
			sourceTree = "<group>";
		};
		0CC48E542730343500B57D1D /* Circle */ = {
			isa = PBXGroup;
			children = (
				0CC48E572730349600B57D1D /* circe-bold.ttf */,
				0CC48E552730349600B57D1D /* circe-extrabold.ttf */,
				0CC48E562730349600B57D1D /* circe-extralight.ttf */,
				0CC48E592730349600B57D1D /* circe-light.ttf */,
				0CC48E582730349600B57D1D /* circe-thin.ttf */,
				0CC48E5A2730349600B57D1D /* circe.ttf */,
			);
			path = Circle;
			sourceTree = "<group>";
		};
		4C342D19277D5CEF00D2D779 /* BankingScreen */ = {
			isa = PBXGroup;
			children = (
				4C342D24277D98F200D2D779 /* BankingScreen.swift */,
				4C342D1D277D6C2C00D2D779 /* TransactionView.swift */,
				4C342D22277D7F3500D2D779 /* CardView.swift */,
				4C342D26277DA2D700D2D779 /* BankingService.swift */,
			);
			path = BankingScreen;
			sourceTree = "<group>";
		};
		5B1CDFF226F354D100C76DB7 = {
			isa = PBXGroup;
			children = (
				5B1CDFFD26F354D100C76DB7 /* Example */,
				5B1CDFFC26F354D100C76DB7 /* Products */,
				0463556C395B9811753B2DB7 /* Pods */,
				9571C7FDA33BD23419F6C5FB /* Frameworks */,
			);
			sourceTree = "<group>";
			usesTabs = 0;
		};
		5B1CDFFC26F354D100C76DB7 /* Products */ = {
			isa = PBXGroup;
			children = (
				5B1CDFFB26F354D100C76DB7 /* Example.app */,
			);
			name = Products;
			sourceTree = "<group>";
		};
		5B1CDFFD26F354D100C76DB7 /* Example */ = {
			isa = PBXGroup;
			children = (
				0CC48E532730342D00B57D1D /* Fonts */,
				A7C3BC822702F679001A46FB /* Examples */,
				5B1CDFFE26F354D100C76DB7 /* ExampleApp.swift */,
				5B1CE00026F354D100C76DB7 /* ContentView.swift */,
				5B1CE00226F354D500C76DB7 /* Assets.xcassets */,
				5B1CE00726F354D500C76DB7 /* Info.plist */,
				5B1CE00426F354D500C76DB7 /* Preview Content */,
			);
			path = Example;
			sourceTree = "<group>";
		};
		5B1CE00426F354D500C76DB7 /* Preview Content */ = {
			isa = PBXGroup;
			children = (
				5B1CE00526F354D500C76DB7 /* Preview Assets.xcassets */,
			);
			path = "Preview Content";
			sourceTree = "<group>";
		};
		5B4BE8CF27F6D538000A7FE7 /* BookingScreen */ = {
			isa = PBXGroup;
			children = (
				5B4BE8D127F6D538000A7FE7 /* BookingScreen.swift */,
				5B4BE8D227F6D538000A7FE7 /* BookingScreenViewModel.swift */,
				5B4BE8D027F6D538000A7FE7 /* BookingScreenHelper.swift */,
				5B4BE8D327F6D538000A7FE7 /* BookingModel.swift */,
			);
			name = BookingScreen;
			path = Example/Examples/BookingScreen;
			sourceTree = SOURCE_ROOT;
		};
		5B4BE8D827F6D55C000A7FE7 /* Helpers */ = {
			isa = PBXGroup;
			children = (
				5B4BE8D927F6D55C000A7FE7 /* CommonHelpers.swift */,
			);
			name = Helpers;
			path = Example/Examples/Helpers;
			sourceTree = SOURCE_ROOT;
		};
		9571C7FDA33BD23419F6C5FB /* Frameworks */ = {
			isa = PBXGroup;
			children = (
				73B6700644445CFDD7A1926E /* Pods_Example.framework */,
			);
			name = Frameworks;
			sourceTree = "<group>";
		};
		A7C3BC822702F679001A46FB /* Examples */ = {
			isa = PBXGroup;
			children = (
				0CC48E4F272FD07600B57D1D /* ProfileScreen */,
				5B4BE8CF27F6D538000A7FE7 /* BookingScreen */,
				4C342D19277D5CEF00D2D779 /* BankingScreen */,
				0C6539502730E2E700B49BF9 /* Extensions */,
				5B4BE8D827F6D55C000A7FE7 /* Helpers */,
				A7C3BC852702F6DF001A46FB /* MockData.swift */,
				A7C3BC832702F69C001A46FB /* SimpleScalingHeader.swift */,
				A7C3BC872702FAD1001A46FB /* MapScalingHeader.swift */,
				A7C3BC8A27030952001A46FB /* ColorScalingHeader.swift */,
				A7C3BC8C27048818001A46FB /* RequestScalingHeader.swift */,
				A7C3BC8E2705C27D001A46FB /* TabScalingHeader.swift */,
			);
			path = Examples;
			sourceTree = "<group>";
		};
/* End PBXGroup section */

/* Begin PBXNativeTarget section */
		5B1CDFFA26F354D100C76DB7 /* Example */ = {
			isa = PBXNativeTarget;
			buildConfigurationList = 5B1CE00A26F354D500C76DB7 /* Build configuration list for PBXNativeTarget "Example" */;
			buildPhases = (
				407DE8661CEA800B6872025F /* [CP] Check Pods Manifest.lock */,
				5B1CDFF726F354D100C76DB7 /* Sources */,
				5B1CDFF826F354D100C76DB7 /* Frameworks */,
				5B1CDFF926F354D100C76DB7 /* Resources */,
				0DE8129A36B13190F59507BE /* [CP] Embed Pods Frameworks */,
			);
			buildRules = (
			);
			dependencies = (
			);
			name = Example;
			productName = Example;
			productReference = 5B1CDFFB26F354D100C76DB7 /* Example.app */;
			productType = "com.apple.product-type.application";
		};
/* End PBXNativeTarget section */

/* Begin PBXProject section */
		5B1CDFF326F354D100C76DB7 /* Project object */ = {
			isa = PBXProject;
			attributes = {
				LastSwiftUpdateCheck = 1250;
				LastUpgradeCheck = 1250;
				ORGANIZATIONNAME = Exyte;
				TargetAttributes = {
					5B1CDFFA26F354D100C76DB7 = {
						CreatedOnToolsVersion = 12.5.1;
					};
				};
			};
			buildConfigurationList = 5B1CDFF626F354D100C76DB7 /* Build configuration list for PBXProject "Example" */;
			compatibilityVersion = "Xcode 9.3";
			developmentRegion = en;
			hasScannedForEncodings = 0;
			knownRegions = (
				en,
				Base,
			);
			mainGroup = 5B1CDFF226F354D100C76DB7;
			productRefGroup = 5B1CDFFC26F354D100C76DB7 /* Products */;
			projectDirPath = "";
			projectRoot = "";
			targets = (
				5B1CDFFA26F354D100C76DB7 /* Example */,
			);
		};
/* End PBXProject section */

/* Begin PBXResourcesBuildPhase section */
		5B1CDFF926F354D100C76DB7 /* Resources */ = {
			isa = PBXResourcesBuildPhase;
			buildActionMask = 2147483647;
			files = (
				5B1CE00626F354D500C76DB7 /* Preview Assets.xcassets in Resources */,
				0CC48E5B2730349600B57D1D /* circe-extrabold.ttf in Resources */,
				0CC48E5D2730349600B57D1D /* circe-bold.ttf in Resources */,
				0CC48E602730349600B57D1D /* circe.ttf in Resources */,
				0CC48E5F2730349600B57D1D /* circe-light.ttf in Resources */,
				5B1CE00326F354D500C76DB7 /* Assets.xcassets in Resources */,
				0CC48E5E2730349600B57D1D /* circe-thin.ttf in Resources */,
				0CC48E5C2730349600B57D1D /* circe-extralight.ttf in Resources */,
			);
			runOnlyForDeploymentPostprocessing = 0;
		};
/* End PBXResourcesBuildPhase section */

/* Begin PBXShellScriptBuildPhase section */
		0DE8129A36B13190F59507BE /* [CP] Embed Pods Frameworks */ = {
			isa = PBXShellScriptBuildPhase;
			buildActionMask = 2147483647;
			files = (
			);
			inputFileListPaths = (
				"${PODS_ROOT}/Target Support Files/Pods-Example/Pods-Example-frameworks-${CONFIGURATION}-input-files.xcfilelist",
			);
			name = "[CP] Embed Pods Frameworks";
			outputFileListPaths = (
				"${PODS_ROOT}/Target Support Files/Pods-Example/Pods-Example-frameworks-${CONFIGURATION}-output-files.xcfilelist",
			);
			runOnlyForDeploymentPostprocessing = 0;
			shellPath = /bin/sh;
			shellScript = "\"${PODS_ROOT}/Target Support Files/Pods-Example/Pods-Example-frameworks.sh\"\n";
			showEnvVarsInLog = 0;
		};
		407DE8661CEA800B6872025F /* [CP] Check Pods Manifest.lock */ = {
			isa = PBXShellScriptBuildPhase;
			buildActionMask = 2147483647;
			files = (
			);
			inputFileListPaths = (
			);
			inputPaths = (
				"${PODS_PODFILE_DIR_PATH}/Podfile.lock",
				"${PODS_ROOT}/Manifest.lock",
			);
			name = "[CP] Check Pods Manifest.lock";
			outputFileListPaths = (
			);
			outputPaths = (
				"$(DERIVED_FILE_DIR)/Pods-Example-checkManifestLockResult.txt",
			);
			runOnlyForDeploymentPostprocessing = 0;
			shellPath = /bin/sh;
			shellScript = "diff \"${PODS_PODFILE_DIR_PATH}/Podfile.lock\" \"${PODS_ROOT}/Manifest.lock\" > /dev/null\nif [ $? != 0 ] ; then\n    # print error to STDERR\n    echo \"error: The sandbox is not in sync with the Podfile.lock. Run 'pod install' or update your CocoaPods installation.\" >&2\n    exit 1\nfi\n# This output is used by Xcode 'outputs' to avoid re-running this script phase.\necho \"SUCCESS\" > \"${SCRIPT_OUTPUT_FILE_0}\"\n";
			showEnvVarsInLog = 0;
		};
/* End PBXShellScriptBuildPhase section */

/* Begin PBXSourcesBuildPhase section */
		5B1CDFF726F354D100C76DB7 /* Sources */ = {
			isa = PBXSourcesBuildPhase;
			buildActionMask = 2147483647;
			files = (
				A7C3BC8B27030952001A46FB /* ColorScalingHeader.swift in Sources */,
				5B1CE00126F354D100C76DB7 /* ContentView.swift in Sources */,
				4C342D27277DA2D700D2D779 /* BankingService.swift in Sources */,
				0CC48E51272FD09800B57D1D /* ProfileScreenViewModel.swift in Sources */,
				A7C3BC8F2705C27D001A46FB /* TabScalingHeader.swift in Sources */,
				4C342D23277D7F3500D2D779 /* CardView.swift in Sources */,
				5B4BE8DA27F6D55C000A7FE7 /* CommonHelpers.swift in Sources */,
				A7C3BC862702F6DF001A46FB /* MockData.swift in Sources */,
				0CC48E4D272FCE6900B57D1D /* ProfileScreen.swift in Sources */,
				4C342D25277D98F200D2D779 /* BankingScreen.swift in Sources */,
				A7C3BC8D27048818001A46FB /* RequestScalingHeader.swift in Sources */,
				4C342D1E277D6C2C00D2D779 /* TransactionView.swift in Sources */,
				5B4BE8D527F6D538000A7FE7 /* BookingScreen.swift in Sources */,
				5BB2A975273CFE610080FA93 /* ProfileHelpers.swift in Sources */,
				0C6539522730E30700B49BF9 /* Color+hex.swift in Sources */,
				5B4BE8D627F6D538000A7FE7 /* BookingScreenViewModel.swift in Sources */,
				A7C3BC882702FAD1001A46FB /* MapScalingHeader.swift in Sources */,
				A7C3BC842702F69C001A46FB /* SimpleScalingHeader.swift in Sources */,
				5B1CDFFF26F354D100C76DB7 /* ExampleApp.swift in Sources */,
				5B4BE8D427F6D538000A7FE7 /* BookingScreenHelper.swift in Sources */,
				5B4BE8D727F6D538000A7FE7 /* BookingModel.swift in Sources */,
			);
			runOnlyForDeploymentPostprocessing = 0;
		};
/* End PBXSourcesBuildPhase section */

/* Begin XCBuildConfiguration section */
		5B1CE00826F354D500C76DB7 /* Debug */ = {
			isa = XCBuildConfiguration;
			buildSettings = {
				ALWAYS_SEARCH_USER_PATHS = NO;
				CLANG_ANALYZER_NONNULL = YES;
				CLANG_ANALYZER_NUMBER_OBJECT_CONVERSION = YES_AGGRESSIVE;
				CLANG_CXX_LANGUAGE_STANDARD = "gnu++14";
				CLANG_CXX_LIBRARY = "libc++";
				CLANG_ENABLE_MODULES = YES;
				CLANG_ENABLE_OBJC_ARC = YES;
				CLANG_ENABLE_OBJC_WEAK = YES;
				CLANG_WARN_BLOCK_CAPTURE_AUTORELEASING = YES;
				CLANG_WARN_BOOL_CONVERSION = YES;
				CLANG_WARN_COMMA = YES;
				CLANG_WARN_CONSTANT_CONVERSION = YES;
				CLANG_WARN_DEPRECATED_OBJC_IMPLEMENTATIONS = YES;
				CLANG_WARN_DIRECT_OBJC_ISA_USAGE = YES_ERROR;
				CLANG_WARN_DOCUMENTATION_COMMENTS = YES;
				CLANG_WARN_EMPTY_BODY = YES;
				CLANG_WARN_ENUM_CONVERSION = YES;
				CLANG_WARN_INFINITE_RECURSION = YES;
				CLANG_WARN_INT_CONVERSION = YES;
				CLANG_WARN_NON_LITERAL_NULL_CONVERSION = YES;
				CLANG_WARN_OBJC_IMPLICIT_RETAIN_SELF = YES;
				CLANG_WARN_OBJC_LITERAL_CONVERSION = YES;
				CLANG_WARN_OBJC_ROOT_CLASS = YES_ERROR;
				CLANG_WARN_QUOTED_INCLUDE_IN_FRAMEWORK_HEADER = YES;
				CLANG_WARN_RANGE_LOOP_ANALYSIS = YES;
				CLANG_WARN_STRICT_PROTOTYPES = YES;
				CLANG_WARN_SUSPICIOUS_MOVE = YES;
				CLANG_WARN_UNGUARDED_AVAILABILITY = YES_AGGRESSIVE;
				CLANG_WARN_UNREACHABLE_CODE = YES;
				CLANG_WARN__DUPLICATE_METHOD_MATCH = YES;
				COPY_PHASE_STRIP = NO;
				DEBUG_INFORMATION_FORMAT = dwarf;
				ENABLE_STRICT_OBJC_MSGSEND = YES;
				ENABLE_TESTABILITY = YES;
				GCC_C_LANGUAGE_STANDARD = gnu11;
				GCC_DYNAMIC_NO_PIC = NO;
				GCC_NO_COMMON_BLOCKS = YES;
				GCC_OPTIMIZATION_LEVEL = 0;
				GCC_PREPROCESSOR_DEFINITIONS = (
					"DEBUG=1",
					"$(inherited)",
				);
				GCC_WARN_64_TO_32_BIT_CONVERSION = YES;
				GCC_WARN_ABOUT_RETURN_TYPE = YES_ERROR;
				GCC_WARN_UNDECLARED_SELECTOR = YES;
				GCC_WARN_UNINITIALIZED_AUTOS = YES_AGGRESSIVE;
				GCC_WARN_UNUSED_FUNCTION = YES;
				GCC_WARN_UNUSED_VARIABLE = YES;
				IPHONEOS_DEPLOYMENT_TARGET = 15.0;
				MTL_ENABLE_DEBUG_INFO = INCLUDE_SOURCE;
				MTL_FAST_MATH = YES;
				ONLY_ACTIVE_ARCH = YES;
				SDKROOT = iphoneos;
				SWIFT_ACTIVE_COMPILATION_CONDITIONS = DEBUG;
				SWIFT_OPTIMIZATION_LEVEL = "-Onone";
			};
			name = Debug;
		};
		5B1CE00926F354D500C76DB7 /* Release */ = {
			isa = XCBuildConfiguration;
			buildSettings = {
				ALWAYS_SEARCH_USER_PATHS = NO;
				CLANG_ANALYZER_NONNULL = YES;
				CLANG_ANALYZER_NUMBER_OBJECT_CONVERSION = YES_AGGRESSIVE;
				CLANG_CXX_LANGUAGE_STANDARD = "gnu++14";
				CLANG_CXX_LIBRARY = "libc++";
				CLANG_ENABLE_MODULES = YES;
				CLANG_ENABLE_OBJC_ARC = YES;
				CLANG_ENABLE_OBJC_WEAK = YES;
				CLANG_WARN_BLOCK_CAPTURE_AUTORELEASING = YES;
				CLANG_WARN_BOOL_CONVERSION = YES;
				CLANG_WARN_COMMA = YES;
				CLANG_WARN_CONSTANT_CONVERSION = YES;
				CLANG_WARN_DEPRECATED_OBJC_IMPLEMENTATIONS = YES;
				CLANG_WARN_DIRECT_OBJC_ISA_USAGE = YES_ERROR;
				CLANG_WARN_DOCUMENTATION_COMMENTS = YES;
				CLANG_WARN_EMPTY_BODY = YES;
				CLANG_WARN_ENUM_CONVERSION = YES;
				CLANG_WARN_INFINITE_RECURSION = YES;
				CLANG_WARN_INT_CONVERSION = YES;
				CLANG_WARN_NON_LITERAL_NULL_CONVERSION = YES;
				CLANG_WARN_OBJC_IMPLICIT_RETAIN_SELF = YES;
				CLANG_WARN_OBJC_LITERAL_CONVERSION = YES;
				CLANG_WARN_OBJC_ROOT_CLASS = YES_ERROR;
				CLANG_WARN_QUOTED_INCLUDE_IN_FRAMEWORK_HEADER = YES;
				CLANG_WARN_RANGE_LOOP_ANALYSIS = YES;
				CLANG_WARN_STRICT_PROTOTYPES = YES;
				CLANG_WARN_SUSPICIOUS_MOVE = YES;
				CLANG_WARN_UNGUARDED_AVAILABILITY = YES_AGGRESSIVE;
				CLANG_WARN_UNREACHABLE_CODE = YES;
				CLANG_WARN__DUPLICATE_METHOD_MATCH = YES;
				COPY_PHASE_STRIP = NO;
				DEBUG_INFORMATION_FORMAT = "dwarf-with-dsym";
				ENABLE_NS_ASSERTIONS = NO;
				ENABLE_STRICT_OBJC_MSGSEND = YES;
				GCC_C_LANGUAGE_STANDARD = gnu11;
				GCC_NO_COMMON_BLOCKS = YES;
				GCC_WARN_64_TO_32_BIT_CONVERSION = YES;
				GCC_WARN_ABOUT_RETURN_TYPE = YES_ERROR;
				GCC_WARN_UNDECLARED_SELECTOR = YES;
				GCC_WARN_UNINITIALIZED_AUTOS = YES_AGGRESSIVE;
				GCC_WARN_UNUSED_FUNCTION = YES;
				GCC_WARN_UNUSED_VARIABLE = YES;
				IPHONEOS_DEPLOYMENT_TARGET = 15.0;
				MTL_ENABLE_DEBUG_INFO = NO;
				MTL_FAST_MATH = YES;
				SDKROOT = iphoneos;
				SWIFT_COMPILATION_MODE = wholemodule;
				SWIFT_OPTIMIZATION_LEVEL = "-O";
				VALIDATE_PRODUCT = YES;
			};
			name = Release;
		};
		5B1CE00B26F354D500C76DB7 /* Debug */ = {
			isa = XCBuildConfiguration;
			baseConfigurationReference = 1C4359AB0F706ECAE1FA6C55 /* Pods-Example.debug.xcconfig */;
			buildSettings = {
				ASSETCATALOG_COMPILER_APPICON_NAME = AppIcon;
				ASSETCATALOG_COMPILER_GLOBAL_ACCENT_COLOR_NAME = AccentColor;
				CODE_SIGN_IDENTITY = "Apple Development";
				CODE_SIGN_STYLE = Automatic;
				DEVELOPMENT_ASSET_PATHS = "\"Example/Preview Content\"";
				DEVELOPMENT_TEAM = FZXCM5CJ7P;
				ENABLE_PREVIEWS = YES;
				INFOPLIST_FILE = Example/Info.plist;
				IPHONEOS_DEPLOYMENT_TARGET = 15.0;
				LD_RUNPATH_SEARCH_PATHS = (
					"$(inherited)",
					"@executable_path/Frameworks",
				);
				PRODUCT_BUNDLE_IDENTIFIER = com.exyte.Example;
				PRODUCT_NAME = "$(TARGET_NAME)";
				PROVISIONING_PROFILE_SPECIFIER = "";
				SWIFT_VERSION = 5.0;
				TARGETED_DEVICE_FAMILY = 1;
			};
			name = Debug;
		};
		5B1CE00C26F354D500C76DB7 /* Release */ = {
			isa = XCBuildConfiguration;
			baseConfigurationReference = A7D6D41B8D5CB51AF90D2765 /* Pods-Example.release.xcconfig */;
			buildSettings = {
				ASSETCATALOG_COMPILER_APPICON_NAME = AppIcon;
				ASSETCATALOG_COMPILER_GLOBAL_ACCENT_COLOR_NAME = AccentColor;
				CODE_SIGN_IDENTITY = "Apple Development";
				CODE_SIGN_STYLE = Automatic;
				DEVELOPMENT_ASSET_PATHS = "\"Example/Preview Content\"";
				DEVELOPMENT_TEAM = FZXCM5CJ7P;
				ENABLE_PREVIEWS = YES;
				INFOPLIST_FILE = Example/Info.plist;
				IPHONEOS_DEPLOYMENT_TARGET = 15.0;
				LD_RUNPATH_SEARCH_PATHS = (
					"$(inherited)",
					"@executable_path/Frameworks",
				);
				PRODUCT_BUNDLE_IDENTIFIER = com.exyte.Example;
				PRODUCT_NAME = "$(TARGET_NAME)";
				PROVISIONING_PROFILE_SPECIFIER = "";
				SWIFT_VERSION = 5.0;
				TARGETED_DEVICE_FAMILY = 1;
			};
			name = Release;
		};
/* End XCBuildConfiguration section */

/* Begin XCConfigurationList section */
		5B1CDFF626F354D100C76DB7 /* Build configuration list for PBXProject "Example" */ = {
			isa = XCConfigurationList;
			buildConfigurations = (
				5B1CE00826F354D500C76DB7 /* Debug */,
				5B1CE00926F354D500C76DB7 /* Release */,
			);
			defaultConfigurationIsVisible = 0;
			defaultConfigurationName = Release;
		};
		5B1CE00A26F354D500C76DB7 /* Build configuration list for PBXNativeTarget "Example" */ = {
			isa = XCConfigurationList;
			buildConfigurations = (
				5B1CE00B26F354D500C76DB7 /* Debug */,
				5B1CE00C26F354D500C76DB7 /* Release */,
			);
			defaultConfigurationIsVisible = 0;
			defaultConfigurationName = Release;
		};
/* End XCConfigurationList section */
	};
	rootObject = 5B1CDFF326F354D100C76DB7 /* Project object */;
}
